
Microsoft Visual Studio Solution File, Format Version 12.00
# Visual Studio Version 17
VisualStudioVersion = 17.8.34511.84
MinimumVisualStudioVersion = 10.0.40219.1
Project("{9A19103F-16F7-4668-BE54-9A1E7A4F7556}") = "MRZValidator", "MRZValidator\MRZValidator.csproj", "{43903896-E31D-425D-B8AC-B4ADF4FC320F}"
EndProject
Project("{9A19103F-16F7-4668-BE54-9A1E7A4F7556}") = "MRZValidator.Library", "MRZValidator.Library\MRZValidator.Library.csproj", "{D1AF6333-8862-4006-837E-3E40C071A2D9}"
EndProject
Global
	GlobalSection(SolutionConfigurationPlatforms) = preSolution
		Debug|Any CPU = Debug|Any CPU
		Release|Any CPU = Release|Any CPU
	EndGlobalSection
	GlobalSection(ProjectConfigurationPlatforms) = postSolution
		{43903896-E31D-425D-B8AC-B4ADF4FC320F}.Debug|Any CPU.ActiveCfg = Debug|Any CPU
		{43903896-E31D-425D-B8AC-B4ADF4FC320F}.Debug|Any CPU.Build.0 = Debug|Any CPU
		{43903896-E31D-425D-B8AC-B4ADF4FC320F}.Release|Any CPU.ActiveCfg = Release|Any CPU
		{43903896-E31D-425D-B8AC-B4ADF4FC320F}.Release|Any CPU.Build.0 = Release|Any CPU
		{D1AF6333-8862-4006-837E-3E40C071A2D9}.Debug|Any CPU.ActiveCfg = Debug|Any CPU
		{D1AF6333-8862-4006-837E-3E40C071A2D9}.Debug|Any CPU.Build.0 = Debug|Any CPU
		{D1AF6333-8862-4006-837E-3E40C071A2D9}.Release|Any CPU.ActiveCfg = Release|Any CPU
		{D1AF6333-8862-4006-837E-3E40C071A2D9}.Release|Any CPU.Build.0 = Release|Any CPU
	EndGlobalSection
	GlobalSection(SolutionProperties) = preSolution
		HideSolutionNode = FALSE
	EndGlobalSection
	GlobalSection(ExtensibilityGlobals) = postSolution
		SolutionGuid = {67CDC8C1-693F-45E6-B6C2-239B7E1E8EA1}
	EndGlobalSection
EndGlobal
